
Microsoft Visual Studio Solution File, Format Version 12.00
# Visual Studio Version 18
VisualStudioVersion = 18.1.11312.151
MinimumVisualStudioVersion = 10.0.40219.1
Project("{2150E333-8FDC-42A3-9474-1A3956D46DE8}") = "src", "src", "{827E0CD3-B72D-47B6-A68D-7590B98EB39B}"
EndProject
Project("{2150E333-8FDC-42A3-9474-1A3956D46DE8}") = "Api", "Api", "{81034408-37C8-1011-444E-4C15C2FADA8E}"
EndProject
Project("{FAE04EC0-301F-11D3-BF4B-00C04F79EFBC}") = "SolveShelf.Api", "src\Api\SolveShelf.Api\SolveShelf.Api.csproj", "{8326EAB8-856A-45D6-BB0C-3992A2DEB6B8}"
EndProject
Project("{2150E333-8FDC-42A3-9474-1A3956D46DE8}") = "Frontend", "Frontend", "{42299874-777B-F2D0-9D08-D24097ABCE7E}"
EndProject
Project("{FAE04EC0-301F-11D3-BF4B-00C04F79EFBC}") = "SolveShelf.Viewer", "src\Frontend\SolveShelf.Viewer\SolveShelf.Viewer.csproj", "{F3F8162E-5ACB-4B80-B8BE-76C265EDA148}"
EndProject
Project("{2150E333-8FDC-42A3-9474-1A3956D46DE8}") = "Runner", "Runner", "{D3F2662E-07FC-2B44-1F3B-19ABF00FAB83}"
EndProject
Project("{FAE04EC0-301F-11D3-BF4B-00C04F79EFBC}") = "SolveShelf.Runner", "src\Runner\SolveShelf.Runner\SolveShelf.Runner.csproj", "{F2A27D45-5043-4597-8D0F-9896104ED248}"
EndProject
Project("{2150E333-8FDC-42A3-9474-1A3956D46DE8}") = "Core", "Core", "{2AA32D37-9447-4A50-99CF-A66378E56E14}"
EndProject
Project("{FAE04EC0-301F-11D3-BF4B-00C04F79EFBC}") = "SolveShelf.Contracts", "src\Core\SolveShelf.Contracts\SolveShelf.Contracts.csproj", "{92D82484-0AE4-4D1D-8783-F88A6D1B2D71}"
EndProject
Project("{FAE04EC0-301F-11D3-BF4B-00C04F79EFBC}") = "SolveShelf.Infrastructure.Kafka", "src\Core\SolveShelf.Infrastructure.Kafka\SolveShelf.Infrastructure.Kafka.csproj", "{61BA35FD-FEE4-4B7F-BA3A-3FE94C869E8F}"
EndProject
Project("{FAE04EC0-301F-11D3-BF4B-00C04F79EFBC}") = "SolveShelf.Domain", "src\Core\SolveShelf.Domain\SolveShelf.Domain.csproj", "{91C042E9-B300-4EA6-85C9-065169EAE38E}"
EndProject
Global
	GlobalSection(SolutionConfigurationPlatforms) = preSolution
		Debug|Any CPU = Debug|Any CPU
		Debug|x64 = Debug|x64
		Debug|x86 = Debug|x86
		Release|Any CPU = Release|Any CPU
		Release|x64 = Release|x64
		Release|x86 = Release|x86
	EndGlobalSection
	GlobalSection(ProjectConfigurationPlatforms) = postSolution
		{8326EAB8-856A-45D6-BB0C-3992A2DEB6B8}.Debug|Any CPU.ActiveCfg = Debug|Any CPU
		{8326EAB8-856A-45D6-BB0C-3992A2DEB6B8}.Debug|Any CPU.Build.0 = Debug|Any CPU
		{8326EAB8-856A-45D6-BB0C-3992A2DEB6B8}.Debug|x64.ActiveCfg = Debug|Any CPU
		{8326EAB8-856A-45D6-BB0C-3992A2DEB6B8}.Debug|x64.Build.0 = Debug|Any CPU
		{8326EAB8-856A-45D6-BB0C-3992A2DEB6B8}.Debug|x86.ActiveCfg = Debug|Any CPU
		{8326EAB8-856A-45D6-BB0C-3992A2DEB6B8}.Debug|x86.Build.0 = Debug|Any CPU
		{8326EAB8-856A-45D6-BB0C-3992A2DEB6B8}.Release|Any CPU.ActiveCfg = Release|Any CPU
		{8326EAB8-856A-45D6-BB0C-3992A2DEB6B8}.Release|Any CPU.Build.0 = Release|Any CPU
		{8326EAB8-856A-45D6-BB0C-3992A2DEB6B8}.Release|x64.ActiveCfg = Release|Any CPU
		{8326EAB8-856A-45D6-BB0C-3992A2DEB6B8}.Release|x64.Build.0 = Release|Any CPU
		{8326EAB8-856A-45D6-BB0C-3992A2DEB6B8}.Release|x86.ActiveCfg = Release|Any CPU
		{8326EAB8-856A-45D6-BB0C-3992A2DEB6B8}.Release|x86.Build.0 = Release|Any CPU
		{F3F8162E-5ACB-4B80-B8BE-76C265EDA148}.Debug|Any CPU.ActiveCfg = Debug|Any CPU
		{F3F8162E-5ACB-4B80-B8BE-76C265EDA148}.Debug|Any CPU.Build.0 = Debug|Any CPU
		{F3F8162E-5ACB-4B80-B8BE-76C265EDA148}.Debug|x64.ActiveCfg = Debug|Any CPU
		{F3F8162E-5ACB-4B80-B8BE-76C265EDA148}.Debug|x64.Build.0 = Debug|Any CPU
		{F3F8162E-5ACB-4B80-B8BE-76C265EDA148}.Debug|x86.ActiveCfg = Debug|Any CPU
		{F3F8162E-5ACB-4B80-B8BE-76C265EDA148}.Debug|x86.Build.0 = Debug|Any CPU
		{F3F8162E-5ACB-4B80-B8BE-76C265EDA148}.Release|Any CPU.ActiveCfg = Release|Any CPU
		{F3F8162E-5ACB-4B80-B8BE-76C265EDA148}.Release|Any CPU.Build.0 = Release|Any CPU
		{F3F8162E-5ACB-4B80-B8BE-76C265EDA148}.Release|x64.ActiveCfg = Release|Any CPU
		{F3F8162E-5ACB-4B80-B8BE-76C265EDA148}.Release|x64.Build.0 = Release|Any CPU
		{F3F8162E-5ACB-4B80-B8BE-76C265EDA148}.Release|x86.ActiveCfg = Release|Any CPU
		{F3F8162E-5ACB-4B80-B8BE-76C265EDA148}.Release|x86.Build.0 = Release|Any CPU
		{F2A27D45-5043-4597-8D0F-9896104ED248}.Debug|Any CPU.ActiveCfg = Debug|Any CPU
		{F2A27D45-5043-4597-8D0F-9896104ED248}.Debug|Any CPU.Build.0 = Debug|Any CPU
		{F2A27D45-5043-4597-8D0F-9896104ED248}.Debug|x64.ActiveCfg = Debug|Any CPU
		{F2A27D45-5043-4597-8D0F-9896104ED248}.Debug|x64.Build.0 = Debug|Any CPU
		{F2A27D45-5043-4597-8D0F-9896104ED248}.Debug|x86.ActiveCfg = Debug|Any CPU
		{F2A27D45-5043-4597-8D0F-9896104ED248}.Debug|x86.Build.0 = Debug|Any CPU
		{F2A27D45-5043-4597-8D0F-9896104ED248}.Release|Any CPU.ActiveCfg = Release|Any CPU
		{F2A27D45-5043-4597-8D0F-9896104ED248}.Release|Any CPU.Build.0 = Release|Any CPU
		{F2A27D45-5043-4597-8D0F-9896104ED248}.Release|x64.ActiveCfg = Release|Any CPU
		{F2A27D45-5043-4597-8D0F-9896104ED248}.Release|x64.Build.0 = Release|Any CPU
		{F2A27D45-5043-4597-8D0F-9896104ED248}.Release|x86.ActiveCfg = Release|Any CPU
		{F2A27D45-5043-4597-8D0F-9896104ED248}.Release|x86.Build.0 = Release|Any CPU
		{92D82484-0AE4-4D1D-8783-F88A6D1B2D71}.Debug|Any CPU.ActiveCfg = Debug|Any CPU
		{92D82484-0AE4-4D1D-8783-F88A6D1B2D71}.Debug|Any CPU.Build.0 = Debug|Any CPU
		{92D82484-0AE4-4D1D-8783-F88A6D1B2D71}.Debug|x64.ActiveCfg = Debug|Any CPU
		{92D82484-0AE4-4D1D-8783-F88A6D1B2D71}.Debug|x64.Build.0 = Debug|Any CPU
		{92D82484-0AE4-4D1D-8783-F88A6D1B2D71}.Debug|x86.ActiveCfg = Debug|Any CPU
		{92D82484-0AE4-4D1D-8783-F88A6D1B2D71}.Debug|x86.Build.0 = Debug|Any CPU
		{92D82484-0AE4-4D1D-8783-F88A6D1B2D71}.Release|Any CPU.ActiveCfg = Release|Any CPU
		{92D82484-0AE4-4D1D-8783-F88A6D1B2D71}.Release|Any CPU.Build.0 = Release|Any CPU
		{92D82484-0AE4-4D1D-8783-F88A6D1B2D71}.Release|x64.ActiveCfg = Release|Any CPU
		{92D82484-0AE4-4D1D-8783-F88A6D1B2D71}.Release|x64.Build.0 = Release|Any CPU
		{92D82484-0AE4-4D1D-8783-F88A6D1B2D71}.Release|x86.ActiveCfg = Release|Any CPU
		{92D82484-0AE4-4D1D-8783-F88A6D1B2D71}.Release|x86.Build.0 = Release|Any CPU
		{61BA35FD-FEE4-4B7F-BA3A-3FE94C869E8F}.Debug|Any CPU.ActiveCfg = Debug|Any CPU
		{61BA35FD-FEE4-4B7F-BA3A-3FE94C869E8F}.Debug|Any CPU.Build.0 = Debug|Any CPU
		{61BA35FD-FEE4-4B7F-BA3A-3FE94C869E8F}.Debug|x64.ActiveCfg = Debug|Any CPU
		{61BA35FD-FEE4-4B7F-BA3A-3FE94C869E8F}.Debug|x64.Build.0 = Debug|Any CPU
		{61BA35FD-FEE4-4B7F-BA3A-3FE94C869E8F}.Debug|x86.ActiveCfg = Debug|Any CPU
		{61BA35FD-FEE4-4B7F-BA3A-3FE94C869E8F}.Debug|x86.Build.0 = Debug|Any CPU
		{61BA35FD-FEE4-4B7F-BA3A-3FE94C869E8F}.Release|Any CPU.ActiveCfg = Release|Any CPU
		{61BA35FD-FEE4-4B7F-BA3A-3FE94C869E8F}.Release|Any CPU.Build.0 = Release|Any CPU
		{61BA35FD-FEE4-4B7F-BA3A-3FE94C869E8F}.Release|x64.ActiveCfg = Release|Any CPU
		{61BA35FD-FEE4-4B7F-BA3A-3FE94C869E8F}.Release|x64.Build.0 = Release|Any CPU
		{61BA35FD-FEE4-4B7F-BA3A-3FE94C869E8F}.Release|x86.ActiveCfg = Release|Any CPU
		{61BA35FD-FEE4-4B7F-BA3A-3FE94C869E8F}.Release|x86.Build.0 = Release|Any CPU
		{91C042E9-B300-4EA6-85C9-065169EAE38E}.Debug|Any CPU.ActiveCfg = Debug|Any CPU
		{91C042E9-B300-4EA6-85C9-065169EAE38E}.Debug|Any CPU.Build.0 = Debug|Any CPU
		{91C042E9-B300-4EA6-85C9-065169EAE38E}.Debug|x64.ActiveCfg = Debug|Any CPU
		{91C042E9-B300-4EA6-85C9-065169EAE38E}.Debug|x64.Build.0 = Debug|Any CPU
		{91C042E9-B300-4EA6-85C9-065169EAE38E}.Debug|x86.ActiveCfg = Debug|Any CPU
		{91C042E9-B300-4EA6-85C9-065169EAE38E}.Debug|x86.Build.0 = Debug|Any CPU
		{91C042E9-B300-4EA6-85C9-065169EAE38E}.Release|Any CPU.ActiveCfg = Release|Any CPU
		{91C042E9-B300-4EA6-85C9-065169EAE38E}.Release|Any CPU.Build.0 = Release|Any CPU
		{91C042E9-B300-4EA6-85C9-065169EAE38E}.Release|x64.ActiveCfg = Release|Any CPU
		{91C042E9-B300-4EA6-85C9-065169EAE38E}.Release|x64.Build.0 = Release|Any CPU
		{91C042E9-B300-4EA6-85C9-065169EAE38E}.Release|x86.ActiveCfg = Release|Any CPU
		{91C042E9-B300-4EA6-85C9-065169EAE38E}.Release|x86.Build.0 = Release|Any CPU
	EndGlobalSection
	GlobalSection(SolutionProperties) = preSolution
		HideSolutionNode = FALSE
	EndGlobalSection
	GlobalSection(NestedProjects) = preSolution
		{81034408-37C8-1011-444E-4C15C2FADA8E} = {827E0CD3-B72D-47B6-A68D-7590B98EB39B}
		{8326EAB8-856A-45D6-BB0C-3992A2DEB6B8} = {81034408-37C8-1011-444E-4C15C2FADA8E}
		{42299874-777B-F2D0-9D08-D24097ABCE7E} = {827E0CD3-B72D-47B6-A68D-7590B98EB39B}
		{F3F8162E-5ACB-4B80-B8BE-76C265EDA148} = {42299874-777B-F2D0-9D08-D24097ABCE7E}
		{D3F2662E-07FC-2B44-1F3B-19ABF00FAB83} = {827E0CD3-B72D-47B6-A68D-7590B98EB39B}
		{F2A27D45-5043-4597-8D0F-9896104ED248} = {D3F2662E-07FC-2B44-1F3B-19ABF00FAB83}
		{2AA32D37-9447-4A50-99CF-A66378E56E14} = {827E0CD3-B72D-47B6-A68D-7590B98EB39B}
		{92D82484-0AE4-4D1D-8783-F88A6D1B2D71} = {2AA32D37-9447-4A50-99CF-A66378E56E14}
		{61BA35FD-FEE4-4B7F-BA3A-3FE94C869E8F} = {2AA32D37-9447-4A50-99CF-A66378E56E14}
		{91C042E9-B300-4EA6-85C9-065169EAE38E} = {2AA32D37-9447-4A50-99CF-A66378E56E14}
	EndGlobalSection
	GlobalSection(ExtensibilityGlobals) = postSolution
		SolutionGuid = {E9A2C53F-300C-4C03-8952-28A5CD28F506}
	EndGlobalSection
EndGlobal
